# THIS IS AN AUTOGENERATED FILE. DO NOT EDIT THIS FILE DIRECTLY.
# yarn lockfile v1


"@babel/helper-validator-identifier@^7.14.9":
  version "7.14.9"
  resolved "https://registry.nlark.com/@babel/helper-validator-identifier/download/@babel/helper-validator-identifier-7.14.9.tgz?cache=0&sync_timestamp=1627804908574&other_urls=https%3A%2F%2Fregistry.nlark.com%2F%40babel%2Fhelper-validator-identifier%2Fdownload%2F%40babel%2Fhelper-validator-identifier-7.14.9.tgz#6654d171b2024f6d8ee151bf2509699919131d48"
  integrity sha1-ZlTRcbICT22O4VG/JQlpmRkTHUg=

"@babel/parser@^7.15.0":
  version "7.15.5"
  resolved "https://registry.nlark.com/@babel/parser/download/@babel/parser-7.15.5.tgz#d33a58ca69facc05b26adfe4abebfed56c1c2dac"
  integrity sha1-0zpYymn6zAWyat/kq+v+1WwcLaw=

"@babel/types@^7.15.0":
  version "7.15.4"
  resolved "https://registry.nlark.com/@babel/types/download/@babel/types-7.15.4.tgz?cache=0&sync_timestamp=1630623998475&other_urls=https%3A%2F%2Fregistry.nlark.com%2F%40babel%2Ftypes%2Fdownload%2F%40babel%2Ftypes-7.15.4.tgz#74eeb86dbd6748d2741396557b9860e57fce0a0d"
  integrity sha1-dO64bb1nSNJ0E5ZVe5hg5X/OCg0=
  dependencies:
    "@babel/helper-validator-identifier" "^7.14.9"
    to-fast-properties "^2.0.0"

"@vue/compiler-core@3.2.8":
  version "3.2.8"
  resolved "https://registry.nlark.com/@vue/compiler-core/download/@vue/compiler-core-3.2.8.tgz#13b2386bdb03455c9f6c6af2f3468561a5ae5b1d"
  integrity sha1-E7I4a9sDRVyfbGry80aFYaWuWx0=
  dependencies:
    "@babel/parser" "^7.15.0"
    "@babel/types" "^7.15.0"
    "@vue/shared" "3.2.8"
    estree-walker "^2.0.2"
    source-map "^0.6.1"

"@vue/compiler-dom@3.2.8":
  version "3.2.8"
  resolved "https://registry.nlark.com/@vue/compiler-dom/download/@vue/compiler-dom-3.2.8.tgz#69bc9e08928a12295c31299067f18d87301981a9"
  integrity sha1-abyeCJKKEilcMSmQZ/GNhzAZgak=
  dependencies:
    "@vue/compiler-core" "3.2.8"
    "@vue/shared" "3.2.8"

"@vue/reactivity@3.2.8":
  version "3.2.8"
  resolved "https://registry.nlark.com/@vue/reactivity/download/@vue/reactivity-3.2.8.tgz#b27200ccfaa06f312ac467b12a38161377c557ed"
  integrity sha1-snIAzPqgbzEqxGexKjgWE3fFV+0=
  dependencies:
    "@vue/shared" "3.2.8"

"@vue/runtime-core@3.2.8":
  version "3.2.8"
  resolved "https://registry.nlark.com/@vue/runtime-core/download/@vue/runtime-core-3.2.8.tgz#8a2342c0baa0fee192f819a3bdc19547d7430b88"
  integrity sha1-iiNCwLqg/uGS+BmjvcGVR9dDC4g=
  dependencies:
    "@vue/reactivity" "3.2.8"
    "@vue/shared" "3.2.8"

"@vue/runtime-dom@3.2.8":
  version "3.2.8"
  resolved "https://registry.nlark.com/@vue/runtime-dom/download/@vue/runtime-dom-3.2.8.tgz#c6631b507049d39844b0434e81df1aa79efcc6cb"
  integrity sha1-xmMbUHBJ05hEsENOgd8ap578xss=
  dependencies:
    "@vue/runtime-core" "3.2.8"
    "@vue/shared" "3.2.8"
    csstype "^2.6.8"

"@vue/shared@3.2.8":
  version "3.2.8"
  resolved "https://registry.nlark.com/@vue/shared/download/@vue/shared-3.2.8.tgz#2f918e330aeb3f56ab1031ca60a5b30672512457"
  integrity sha1-L5GOMwrrP1arEDHKYKWzBnJRJFc=

csstype@^2.6.8:
  version "2.6.17"
  resolved "https://registry.nlark.com/csstype/download/csstype-2.6.17.tgz#4cf30eb87e1d1a005d8b6510f95292413f6a1c0e"
  integrity sha1-TPMOuH4dGgBdi2UQ+VKSQT9qHA4=

enhanced-resolve@^5.8.2:
  version "5.8.2"
  resolved "https://registry.nlark.com/enhanced-resolve/download/enhanced-resolve-5.8.2.tgz#15ddc779345cbb73e97c611cd00c01c1e7bf4d8b"
  integrity sha1-Fd3HeTRcu3PpfGEc0AwBwee/TYs=
  dependencies:
    graceful-fs "^4.2.4"
    tapable "^2.2.0"

estree-walker@^2.0.2:
  version "2.0.2"
  resolved "https://registry.nlark.com/estree-walker/download/estree-walker-2.0.2.tgz#52f010178c2a4c117a7757cfe942adb7d2da4cac"
  integrity sha1-UvAQF4wqTBF6d1fP6UKtt9LaTKw=

graceful-fs@^4.2.4:
  version "4.2.8"
  resolved "https://registry.nlark.com/graceful-fs/download/graceful-fs-4.2.8.tgz#e412b8d33f5e006593cbd3cee6df9f2cebbe802a"
  integrity sha1-5BK40z9eAGWTy9PO5t+fLOu+gCo=

source-map@^0.6.1:
  version "0.6.1"
  resolved "https://registry.nlark.com/source-map/download/source-map-0.6.1.tgz#74722af32e9614e9c287a8d0bbde48b5e2f1a263"
  integrity sha1-dHIq8y6WFOnCh6jQu95IteLxomM=

tapable@^2.2.0:
  version "2.2.0"
  resolved "https://registry.nlark.com/tapable/download/tapable-2.2.0.tgz#5c373d281d9c672848213d0e037d1c4165ab426b"
  integrity sha1-XDc9KB2cZyhIIT0OA30cQWWrQms=

to-fast-properties@^2.0.0:
  version "2.0.0"
  resolved "https://registry.nlark.com/to-fast-properties/download/to-fast-properties-2.0.0.tgz#dc5e698cbd079265bc73e0377681a4e4e83f616e"
  integrity sha1-3F5pjL0HkmW8c+A3doGk5Og/YW4=

vue@^3.2.8:
  version "3.2.8"
  resolved "https://registry.nlark.com/vue/download/vue-3.2.8.tgz#9124e4c31ebc9c592b2b9f293df5c9a88a78e944"
  integrity sha1-kSTkwx68nFkrK58pPfXJqIp46UQ=
  dependencies:
    "@vue/compiler-dom" "3.2.8"
    "@vue/runtime-dom" "3.2.8"
    "@vue/shared" "3.2.8"
